
Microsoft Visual Studio Solution File, Format Version 11.00
# Visual Studio 2010
# SharpDevelop 5.1
Project("{FAE04EC0-301F-11D3-BF4B-00C04F79EFBC}") = "ETLSoft", "ETLSoft\ETLSoft.csproj", "{BFE8DED3-55F0-48B4-8319-E68D82FFE320}"
EndProject
Global
	GlobalSection(SolutionConfigurationPlatforms) = preSolution
		Debug|Any CPU = Debug|Any CPU
		Release|Any CPU = Release|Any CPU
	EndGlobalSection
	GlobalSection(ProjectConfigurationPlatforms) = postSolution
		{BFE8DED3-55F0-48B4-8319-E68D82FFE320}.Debug|Any CPU.ActiveCfg = Debug|Any CPU
		{BFE8DED3-55F0-48B4-8319-E68D82FFE320}.Debug|Any CPU.Build.0 = Debug|Any CPU
		{BFE8DED3-55F0-48B4-8319-E68D82FFE320}.Release|Any CPU.ActiveCfg = Release|Any CPU
		{BFE8DED3-55F0-48B4-8319-E68D82FFE320}.Release|Any CPU.Build.0 = Release|Any CPU
	EndGlobalSection
EndGlobal
